
Microsoft Visual Studio Solution File, Format Version 12.00
# Visual Studio 15
VisualStudioVersion = 15.0.28010.2036
MinimumVisualStudioVersion = 10.0.40219.1
Project("{FAE04EC0-301F-11D3-BF4B-00C04F79EFBC}") = "EasyEat.UI", "EasyEat.UI\EasyEat.UI.csproj", "{263B3B56-3618-408B-B984-3B9F06499B82}"
EndProject
Project("{FAE04EC0-301F-11D3-BF4B-00C04F79EFBC}") = "EasyEat.DAL", "EasyEat.DAL\EasyEat.DAL.csproj", "{D5A9DB1D-AA93-4530-8E2B-3C766A87355A}"
EndProject
Project("{FAE04EC0-301F-11D3-BF4B-00C04F79EFBC}") = "EasyEat.Helpers", "EasyEat.Helpers\EasyEat.Helpers.csproj", "{BBE2BA88-A155-4F06-AA62-463C7EAD5030}"
EndProject
Project("{FAE04EC0-301F-11D3-BF4B-00C04F79EFBC}") = "EasyEat.Models", "EasyEat.Models\EasyEat.Models.csproj", "{BFDB7CD8-732B-4DD9-A46E-4A6D424FAD15}"
EndProject
Project("{FAE04EC0-301F-11D3-BF4B-00C04F79EFBC}") = "EasyEat.Core", "EasyEat.Core\EasyEat.Core.csproj", "{5579B9CD-16D0-48D2-8121-34A346CA4650}"
EndProject
Global
	GlobalSection(SolutionConfigurationPlatforms) = preSolution
		Debug|Any CPU = Debug|Any CPU
		Release|Any CPU = Release|Any CPU
	EndGlobalSection
	GlobalSection(ProjectConfigurationPlatforms) = postSolution
		{263B3B56-3618-408B-B984-3B9F06499B82}.Debug|Any CPU.ActiveCfg = Debug|Any CPU
		{263B3B56-3618-408B-B984-3B9F06499B82}.Debug|Any CPU.Build.0 = Debug|Any CPU
		{263B3B56-3618-408B-B984-3B9F06499B82}.Release|Any CPU.ActiveCfg = Release|Any CPU
		{263B3B56-3618-408B-B984-3B9F06499B82}.Release|Any CPU.Build.0 = Release|Any CPU
		{D5A9DB1D-AA93-4530-8E2B-3C766A87355A}.Debug|Any CPU.ActiveCfg = Debug|Any CPU
		{D5A9DB1D-AA93-4530-8E2B-3C766A87355A}.Debug|Any CPU.Build.0 = Debug|Any CPU
		{D5A9DB1D-AA93-4530-8E2B-3C766A87355A}.Release|Any CPU.ActiveCfg = Release|Any CPU
		{D5A9DB1D-AA93-4530-8E2B-3C766A87355A}.Release|Any CPU.Build.0 = Release|Any CPU
		{BBE2BA88-A155-4F06-AA62-463C7EAD5030}.Debug|Any CPU.ActiveCfg = Debug|Any CPU
		{BBE2BA88-A155-4F06-AA62-463C7EAD5030}.Debug|Any CPU.Build.0 = Debug|Any CPU
		{BBE2BA88-A155-4F06-AA62-463C7EAD5030}.Release|Any CPU.ActiveCfg = Release|Any CPU
		{BBE2BA88-A155-4F06-AA62-463C7EAD5030}.Release|Any CPU.Build.0 = Release|Any CPU
		{BFDB7CD8-732B-4DD9-A46E-4A6D424FAD15}.Debug|Any CPU.ActiveCfg = Debug|Any CPU
		{BFDB7CD8-732B-4DD9-A46E-4A6D424FAD15}.Debug|Any CPU.Build.0 = Debug|Any CPU
		{BFDB7CD8-732B-4DD9-A46E-4A6D424FAD15}.Release|Any CPU.ActiveCfg = Release|Any CPU
		{BFDB7CD8-732B-4DD9-A46E-4A6D424FAD15}.Release|Any CPU.Build.0 = Release|Any CPU
		{5579B9CD-16D0-48D2-8121-34A346CA4650}.Debug|Any CPU.ActiveCfg = Debug|Any CPU
		{5579B9CD-16D0-48D2-8121-34A346CA4650}.Debug|Any CPU.Build.0 = Debug|Any CPU
		{5579B9CD-16D0-48D2-8121-34A346CA4650}.Release|Any CPU.ActiveCfg = Release|Any CPU
		{5579B9CD-16D0-48D2-8121-34A346CA4650}.Release|Any CPU.Build.0 = Release|Any CPU
	EndGlobalSection
	GlobalSection(SolutionProperties) = preSolution
		HideSolutionNode = FALSE
	EndGlobalSection
	GlobalSection(ExtensibilityGlobals) = postSolution
		SolutionGuid = {F7CDA91F-651B-46E2-B1E6-7CAB958B67FC}
	EndGlobalSection
EndGlobal
